{
    "_meta": {
        "hash": {
            "sha256": "a7d69af23a2e2449f90410198745a6c691a3dc616235ad45cc935ae474355e39"
        },
        "pipfile-spec": 6,
        "requires": {
            "python_version": "3.8"
        },
        "sources": [
            {
                "name": "pypi",
                "url": "https://pypi.org/simple",
                "verify_ssl": true
            }
        ]
    },
    "default": {
        "anyio": {
            "hashes": [
                "sha256:25ea0d673ae30af41a0c442f81cf3b38c7e79fdc7b60335a4c14e05eb0947421",
                "sha256:fbbe32bd270d2a2ef3ed1c5d45041250284e31fc0a4df4a5a6071842051a51e3"
            ],
            "markers": "python_full_version >= '3.6.2'",
            "version": "==3.6.2"
        },
        "appdirs": {
            "hashes": [
                "sha256:7d5d0167b2b1ba821647616af46a749d1c653740dd0d2415100fe26e27afdf41",
                "sha256:a841dacd6b99318a741b166adb07e19ee71a274450e68237b4650ca1055ab128"
            ],
            "version": "==1.4.4"
        },
        "certifi": {
            "hashes": [
                "sha256:35824b4c3a97115964b408844d64aa14db1cc518f6562e8d7261699d1350a9e3",
                "sha256:4ad3232f5e926d6718ec31cfc1fcadfde020920e278684144551c91769c7bc18"
            ],
            "index": "pypi",
            "version": "==2022.12.7"
        },
        "cobra": {
            "hashes": [
                "sha256:10b6c477f2a4a6f950969e66e6c41649bfd756f94df2ddd8b48999b5502a4c0a",
                "sha256:9ef683a9debbd0d670cd237ae5d101b225b0289f91ddf7a5a65673fa9908459f"
            ],
            "index": "pypi",
            "version": "==0.22.0"
        },
        "commonmark": {
            "hashes": [
                "sha256:452f9dc859be7f06631ddcb328b6919c67984aca654e5fefb3914d54691aed60",
                "sha256:da2f38c92590f83de410ba1a3cbceafbc74fee9def35f9251ba9a971d6d66fd9"
            ],
            "version": "==0.9.1"
        },
        "depinfo": {
            "hashes": [
                "sha256:3d9ba933e7a9d718b9915f75c844a38c5603cd3cdba1816ab95e0b148b100d8f",
                "sha256:e0971be11519a823b126c875e17ad3ad8adaa6a86737395b9dbcef3ca0e77b0c"
            ],
            "markers": "python_version >= '3.7'",
            "version": "==2.2.0"
        },
        "diskcache": {
            "hashes": [
                "sha256:8879eb8c9b4a2509a5e633d2008634fb2b0b35c2b36192d89655dbde02419644",
                "sha256:af3ec6d7f167bbef7b6c33d9ee22f86d3e8f2dd7131eb7c4703d8d91ccdc0cc4"
            ],
            "markers": "python_version >= '3'",
            "version": "==5.4.0"
        },
        "et-xmlfile": {
            "hashes": [
                "sha256:8eb9e2bc2f8c97e37a2dc85a09ecdcdec9d8a396530a6d5a33b30b9a92da0c5c",
                "sha256:a2ba85d1d6a74ef63837eed693bcb89c3f752169b0e3e7ae5b16ca5e1b3deada"
            ],
            "markers": "python_version >= '3.6'",
            "version": "==1.1.0"
        },
        "future": {
            "hashes": [
                "sha256:b1bead90b70cf6ec3f0710ae53a525360fa360d306a86583adc6bf83a4db537d"
            ],
            "markers": "python_version >= '2.6' and python_version not in '3.0, 3.1, 3.2, 3.3'",
            "version": "==0.18.2"
        },
        "h11": {
            "hashes": [
                "sha256:8f19fbbe99e72420ff35c00b27a34cb9937e902a8b810e2c88300c6f0a3b699d",
                "sha256:e3fe4ac4b851c468cc8363d500db52c2ead036020723024a109d37346efaa761"
            ],
            "markers": "python_version >= '3.7'",
            "version": "==0.14.0"
        },
        "httpcore": {
            "hashes": [
                "sha256:52c79095197178856724541e845f2db86d5f1527640d9254b5b8f6f6cebfdee6",
                "sha256:c35c5176dc82db732acfd90b581a3062c999a72305df30c0fc8fafd8e4aca068"
            ],
            "markers": "python_version >= '3.7'",
            "version": "==0.16.2"
        },
        "httpx": {
            "hashes": [
                "sha256:0b9b1f0ee18b9978d637b0776bfd7f54e2ca278e063e3586d8f01cda89e042a8",
                "sha256:202ae15319be24efe9a8bd4ed4360e68fde7b38bcc2ce87088d416f026667d19"
            ],
            "markers": "python_version >= '3.7'",
            "version": "==0.23.1"
        },
        "idna": {
            "hashes": [
                "sha256:814f528e8dead7d329833b91c5faa87d60bf71824cd12a7530b5526063d02cb4",
                "sha256:90b77e79eaa3eba6de819a0c442c0b4ceefc341a7a2ab77d7562bf49f425c5c2"
            ],
            "markers": "python_version >= '3.5'",
            "version": "==3.4"
        },
        "importlib-resources": {
            "hashes": [
                "sha256:32bb095bda29741f6ef0e5278c42df98d135391bee5f932841efc0041f748dc3",
                "sha256:c09b067d82e72c66f4f8eb12332f5efbebc9b007c0b6c40818108c9870adc363"
            ],
            "markers": "python_version >= '3.7'",
            "version": "==5.10.1"
        },
        "mpmath": {
            "hashes": [
                "sha256:604bc21bd22d2322a177c73bdb573994ef76e62edd595d17e00aff24b0667e5c",
                "sha256:79ffb45cf9f4b101a807595bcb3e72e0396202e0b1d25d689134b48c4216a81a"
            ],
            "version": "==1.2.1"
        },
        "numpy": {
            "hashes": [
                "sha256:01dd17cbb340bf0fc23981e52e1d18a9d4050792e8fb8363cecbf066a84b827d",
                "sha256:06005a2ef6014e9956c09ba07654f9837d9e26696a0470e42beedadb78c11b07",
                "sha256:09b7847f7e83ca37c6e627682f145856de331049013853f344f37b0c9690e3df",
                "sha256:0aaee12d8883552fadfc41e96b4c82ee7d794949e2a7c3b3a7201e968c7ecab9",
                "sha256:0cbe9848fad08baf71de1a39e12d1b6310f1d5b2d0ea4de051058e6e1076852d",
                "sha256:1b1766d6f397c18153d40015ddfc79ddb715cabadc04d2d228d4e5a8bc4ded1a",
                "sha256:33161613d2269025873025b33e879825ec7b1d831317e68f4f2f0f84ed14c719",
                "sha256:5039f55555e1eab31124a5768898c9e22c25a65c1e0037f4d7c495a45778c9f2",
                "sha256:522e26bbf6377e4d76403826ed689c295b0b238f46c28a7251ab94716da0b280",
                "sha256:56e454c7833e94ec9769fa0f86e6ff8e42ee38ce0ce1fa4cbb747ea7e06d56aa",
                "sha256:58f545efd1108e647604a1b5aa809591ccd2540f468a880bedb97247e72db387",
                "sha256:5e05b1c973a9f858c74367553e236f287e749465f773328c8ef31abe18f691e1",
                "sha256:7903ba8ab592b82014713c491f6c5d3a1cde5b4a3bf116404e08f5b52f6daf43",
                "sha256:8969bfd28e85c81f3f94eb4a66bc2cf1dbdc5c18efc320af34bffc54d6b1e38f",
                "sha256:92c8c1e89a1f5028a4c6d9e3ccbe311b6ba53694811269b992c0b224269e2398",
                "sha256:9c88793f78fca17da0145455f0d7826bcb9f37da4764af27ac945488116efe63",
                "sha256:a7ac231a08bb37f852849bbb387a20a57574a97cfc7b6cabb488a4fc8be176de",
                "sha256:abdde9f795cf292fb9651ed48185503a2ff29be87770c3b8e2a14b0cd7aa16f8",
                "sha256:af1da88f6bc3d2338ebbf0e22fe487821ea4d8e89053e25fa59d1d79786e7481",
                "sha256:b2a9ab7c279c91974f756c84c365a669a887efa287365a8e2c418f8b3ba73fb0",
                "sha256:bf837dc63ba5c06dc8797c398db1e223a466c7ece27a1f7b5232ba3466aafe3d",
                "sha256:ca51fcfcc5f9354c45f400059e88bc09215fb71a48d3768fb80e357f3b457e1e",
                "sha256:ce571367b6dfe60af04e04a1834ca2dc5f46004ac1cc756fb95319f64c095a96",
                "sha256:d208a0f8729f3fb790ed18a003f3a57895b989b40ea4dce4717e9cf4af62c6bb",
                "sha256:dbee87b469018961d1ad79b1a5d50c0ae850000b639bcb1b694e9981083243b6",
                "sha256:e9f4c4e51567b616be64e05d517c79a8a22f3606499941d97bb76f2ca59f982d",
                "sha256:f063b69b090c9d918f9df0a12116029e274daf0181df392839661c4c7ec9018a",
                "sha256:f9a909a8bae284d46bbfdefbdd4a262ba19d3bc9921b1e76126b1d21c3c34135"
            ],
            "markers": "python_version >= '3.8'",
            "version": "==1.23.5"
        },
        "openpyxl": {
            "hashes": [
                "sha256:46af4eaf201a89b610fcca177eed957635f88770a5462fb6aae4a2a52b0ff516",
                "sha256:6456a3b472e1ef0facb1129f3c6ef00713cebf62e736cd7a75bcc3247432f251"
            ],
            "index": "pypi",
            "version": "==3.0.7"
        },
        "optlang": {
            "hashes": [
                "sha256:6dbc3b130df78a72333f62e35ac6933b4398424b61cdb07d95f43c0f644ef22e",
                "sha256:84e532d96c7ab65fd5a0f2f0d9acbb18acbbf55da1b491f68ad8baebd46497fd"
            ],
            "markers": "python_version >= '2.7' and python_version not in '3.0, 3.1, 3.2, 3.3, 3.4'",
            "version": "==1.6.1"
        },
        "pandas": {
            "hashes": [
                "sha256:167693a80abc8eb28051fbd184c1b7afd13ce2c727a5af47b048f1ea3afefff4",
                "sha256:2111c25e69fa9365ba80bbf4f959400054b2771ac5d041ed19415a8b488dc70a",
                "sha256:298f0553fd3ba8e002c4070a723a59cdb28eda579f3e243bc2ee397773f5398b",
                "sha256:2b063d41803b6a19703b845609c0b700913593de067b552a8b24dd8eeb8c9895",
                "sha256:2cb7e8f4f152f27dc93f30b5c7a98f6c748601ea65da359af734dd0cf3fa733f",
                "sha256:52d2472acbb8a56819a87aafdb8b5b6d2b3386e15c95bde56b281882529a7ded",
                "sha256:612add929bf3ba9d27b436cc8853f5acc337242d6b584203f207e364bb46cb12",
                "sha256:649ecab692fade3cbfcf967ff936496b0cfba0af00a55dfaacd82bdda5cb2279",
                "sha256:68d7baa80c74aaacbed597265ca2308f017859123231542ff8a5266d489e1858",
                "sha256:8d4c74177c26aadcfb4fd1de6c1c43c2bf822b3e0fc7a9b409eeaf84b3e92aaa",
                "sha256:971e2a414fce20cc5331fe791153513d076814d30a60cd7348466943e6e909e4",
                "sha256:9db70ffa8b280bb4de83f9739d514cd0735825e79eef3a61d312420b9f16b758",
                "sha256:b730add5267f873b3383c18cac4df2527ac4f0f0eed1c6cf37fcb437e25cf558",
                "sha256:bd659c11a4578af740782288cac141a322057a2e36920016e0fc7b25c5a4b686",
                "sha256:c601c6fdebc729df4438ec1f62275d6136a0dd14d332fc0e8ce3f7d2aadb4dd6",
                "sha256:d0877407359811f7b853b548a614aacd7dea83b0c0c84620a9a643f180060950"
            ],
            "index": "pypi",
            "version": "==1.2.4"
        },
        "pydantic": {
            "hashes": [
                "sha256:05e00dbebbe810b33c7a7362f231893183bcc4251f3f2ff991c31d5c08240c42",
                "sha256:06094d18dd5e6f2bbf93efa54991c3240964bb663b87729ac340eb5014310624",
                "sha256:0b959f4d8211fc964772b595ebb25f7652da3f22322c007b6fed26846a40685e",
                "sha256:19b3b9ccf97af2b7519c42032441a891a5e05c68368f40865a90eb88833c2559",
                "sha256:1b6ee725bd6e83ec78b1aa32c5b1fa67a3a65badddde3976bca5fe4568f27709",
                "sha256:1ee433e274268a4b0c8fde7ad9d58ecba12b069a033ecc4645bb6303c062d2e9",
                "sha256:216f3bcbf19c726b1cc22b099dd409aa371f55c08800bcea4c44c8f74b73478d",
                "sha256:2d0567e60eb01bccda3a4df01df677adf6b437958d35c12a3ac3e0f078b0ee52",
                "sha256:2e05aed07fa02231dbf03d0adb1be1d79cabb09025dd45aa094aa8b4e7b9dcda",
                "sha256:352aedb1d71b8b0736c6d56ad2bd34c6982720644b0624462059ab29bd6e5912",
                "sha256:355639d9afc76bcb9b0c3000ddcd08472ae75318a6eb67a15866b87e2efa168c",
                "sha256:37c90345ec7dd2f1bcef82ce49b6235b40f282b94d3eec47e801baf864d15525",
                "sha256:4b8795290deaae348c4eba0cebb196e1c6b98bdbe7f50b2d0d9a4a99716342fe",
                "sha256:5760e164b807a48a8f25f8aa1a6d857e6ce62e7ec83ea5d5c5a802eac81bad41",
                "sha256:6eb843dcc411b6a2237a694f5e1d649fc66c6064d02b204a7e9d194dff81eb4b",
                "sha256:7b5ba54d026c2bd2cb769d3468885f23f43710f651688e91f5fb1edcf0ee9283",
                "sha256:7c2abc4393dea97a4ccbb4ec7d8658d4e22c4765b7b9b9445588f16c71ad9965",
                "sha256:81a7b66c3f499108b448f3f004801fcd7d7165fb4200acb03f1c2402da73ce4c",
                "sha256:91b8e218852ef6007c2b98cd861601c6a09f1aa32bbbb74fab5b1c33d4a1e410",
                "sha256:9300fcbebf85f6339a02c6994b2eb3ff1b9c8c14f502058b5bf349d42447dcf5",
                "sha256:9cabf4a7f05a776e7793e72793cd92cc865ea0e83a819f9ae4ecccb1b8aa6116",
                "sha256:a1f5a63a6dfe19d719b1b6e6106561869d2efaca6167f84f5ab9347887d78b98",
                "sha256:a4c805731c33a8db4b6ace45ce440c4ef5336e712508b4d9e1aafa617dc9907f",
                "sha256:ae544c47bec47a86bc7d350f965d8b15540e27e5aa4f55170ac6a75e5f73b644",
                "sha256:b97890e56a694486f772d36efd2ba31612739bc6f3caeee50e9e7e3ebd2fdd13",
                "sha256:bb6ad4489af1bac6955d38ebcb95079a836af31e4c4f74aba1ca05bb9f6027bd",
                "sha256:bedf309630209e78582ffacda64a21f96f3ed2e51fbf3962d4d488e503420254",
                "sha256:c1ba1afb396148bbc70e9eaa8c06c1716fdddabaf86e7027c5988bae2a829ab6",
                "sha256:c33602f93bfb67779f9c507e4d69451664524389546bacfe1bee13cae6dc7488",
                "sha256:c4aac8e7103bf598373208f6299fa9a5cfd1fc571f2d40bf1dd1955a63d6eeb5",
                "sha256:c6f981882aea41e021f72779ce2a4e87267458cc4d39ea990729e21ef18f0f8c",
                "sha256:cc78cc83110d2f275ec1970e7a831f4e371ee92405332ebfe9860a715f8336e1",
                "sha256:d49f3db871575e0426b12e2f32fdb25e579dea16486a26e5a0474af87cb1ab0a",
                "sha256:dd3f9a40c16daf323cf913593083698caee97df2804aa36c4b3175d5ac1b92a2",
                "sha256:e0bedafe4bc165ad0a56ac0bd7695df25c50f76961da29c050712596cf092d6d",
                "sha256:e9069e1b01525a96e6ff49e25876d90d5a563bc31c658289a8772ae186552236"
            ],
            "markers": "python_version >= '3.7'",
            "version": "==1.10.2"
        },
        "pygments": {
            "hashes": [
                "sha256:56a8508ae95f98e2b9bdf93a6be5ae3f7d8af858b43e02c5a2ff083726be40c1",
                "sha256:f643f331ab57ba3c9d89212ee4a2dabc6e94f117cf4eefde99a0574720d14c42"
            ],
            "markers": "python_version >= '3.6'",
            "version": "==2.13.0"
        },
        "python-dateutil": {
            "hashes": [
                "sha256:0123cacc1627ae19ddf3c27a5de5bd67ee4586fbdd6440d9748f8abb483d3e86",
                "sha256:961d03dc3453ebbc59dbdea9e4e11c5651520a876d0f4db161e8674aae935da9"
            ],
            "markers": "python_version >= '2.7' and python_version not in '3.0, 3.1, 3.2, 3.3'",
            "version": "==2.8.2"
        },
        "python-libsbml": {
            "hashes": [
                "sha256:16430a2b97845ecb23f744b8aaa25137b9e88b4f33a57f4377294e742aab5069",
                "sha256:16d4120adf64708506e78bd6ab345d5adf52cded5d34d9bcd9819449ede009fb",
                "sha256:1956d2acb8c07b87946f640794b848fa947135842ea0d30522c3b5c24cca0bde",
                "sha256:1f4b29b6c8c8a23dba63305c49a83ba6498bf109a2842350af83bb5322c437de",
                "sha256:21cd07456878e52a10f48f6eab581a0f5bcb28b0375fff2217bd3d240b76a70b",
                "sha256:317d8e3c1f8fd2de6953d81ef8b94d3dded51a5582fbcc9beebfe59e9541318d",
                "sha256:39a0c48ddbaf4bf678929c6dcc4cd0eb5a268cd6d34c2e15a915379756f34b83",
                "sha256:55174ce54c442c0ea8211d5496001c6ab496b6f70bc152448ae1513177faf89f",
                "sha256:5590e1509166716f2c4754b53e18b8efb5c2d21f23b726704132741c348ed289",
                "sha256:57ddd43dc3d7ecfbbf6a6cb1aff58c13d7d4171060ec90b920d563ab16f467ca",
                "sha256:5fd77f09f3dc5c06b3064177eb6ddb9cfcfbb29f71adb61d10036747e7c70874",
                "sha256:669b9deb92210fb02b0ffd62d789df3ba51a0c3136a4c985fc73d69561857fb6",
                "sha256:6f77291de3e3ff25cab16b6806f2acf2e7afb69cb2fd674fd0942bb6bb5dd156",
                "sha256:70330cfae71b79f35f9dc203bb7a589d549456b06b86abca9958606b39738f24",
                "sha256:738ce267b36a35d7c442510f8f4dab43293a17176b1de56df9c33c247b54b481",
                "sha256:7fd829736a57799837d67af67ed8f133358b5248c2936ad1d719aea74c840669",
                "sha256:87596017aa76c1284e83247593fe999ab7ba9a84e7488bcf0434b01277858f86",
                "sha256:910c8769498dcb8f0e5a9f194e73852934acb1a6ceea1390edc367739ed32cac",
                "sha256:a5f7ca82738375241bca4fe881402b3ec5235ed153a2c919e5662a47455fb01f",
                "sha256:ad18353b7900ed8238041c79ffcb002f18fff4208a14353171a90b795db4392c",
                "sha256:b5f3b71a49a9c17ff3f823c95e76dfe0591b4a34bc5843242752fe828af3653d",
                "sha256:bf9b10c032324c625d5236f30ca1b37b51a4cbee6c2ffe46cc93c7c6d079a873",
                "sha256:cd3afeda3111a7afcfdc620e161823fc06af8aa1365d284518dbda29fc02552a",
                "sha256:d8d315b24c4172bfb2e0353db262765d8f211b5f04848abb19b5f34133796670",
                "sha256:dc3fc02d9349172c3488b30e88bc2745d886c5e5497e8940a9b8e2d2da566ff9",
                "sha256:df981b2159d14d6bf38413c09dc60b50f447af85f0393197cf419eaee1ed8110",
                "sha256:e2428872ba5815bc59923f589c23d53258d60452b726773c7d5472d100b8f5ef",
                "sha256:eabc3b1f7499e29e13934b5f7fb88c0befa529f4b71559a196523502ecb8b9d5",
                "sha256:fbd4bbce622182e959b81ef2585dc82df05ced85ba88c0832a3a5adce37d47d9",
                "sha256:fec3e73f107e410cd2bbe1dd600747bf280df28513234cd6c280f855f78fe2d4"
            ],
            "version": "==5.19.0"
        },
        "pytz": {
            "hashes": [
                "sha256:222439474e9c98fced559f1709d89e6c9cbf8d79c794ff3eb9f8800064291427",
                "sha256:e89512406b793ca39f5971bc999cc538ce125c0e51c27941bef4568b460095e2"
            ],
            "version": "==2022.6"
        },
        "rfc3986": {
            "extras": [
                "idna2008"
            ],
            "hashes": [
                "sha256:270aaf10d87d0d4e095063c65bf3ddbc6ee3d0b226328ce21e036f946e421835",
                "sha256:a86d6e1f5b1dc238b218b012df0aa79409667bb209e58da56d0b94704e712a97"
            ],
            "version": "==1.5.0"
        },
        "rich": {
            "hashes": [
                "sha256:a4eb26484f2c82589bd9a17c73d32a010b1e29d89f1604cd9bf3a2097b81bb5e",
                "sha256:ba3a3775974105c221d31141f2c116f4fd65c5ceb0698657a11e9f295ec93fd0"
            ],
            "markers": "python_full_version >= '3.6.3' and python_full_version < '4.0.0'",
            "version": "==12.6.0"
        },
        "ruamel.yaml": {
            "hashes": [
                "sha256:742b35d3d665023981bd6d16b3d24248ce5df75fdb4e2924e93a05c1f8b61ca7",
                "sha256:8b7ce697a2f212752a35c1ac414471dc16c424c9573be4926b56ff3f5d23b7af"
            ],
            "markers": "python_version >= '3'",
            "version": "==0.17.21"
        },
        "ruamel.yaml.clib": {
            "hashes": [
                "sha256:045e0626baf1c52e5527bd5db361bc83180faaba2ff586e763d3d5982a876a9e",
                "sha256:15910ef4f3e537eea7fe45f8a5d19997479940d9196f357152a09031c5be59f3",
                "sha256:184faeaec61dbaa3cace407cffc5819f7b977e75360e8d5ca19461cd851a5fc5",
                "sha256:1f08fd5a2bea9c4180db71678e850b995d2a5f4537be0e94557668cf0f5f9497",
                "sha256:2aa261c29a5545adfef9296b7e33941f46aa5bbd21164228e833412af4c9c75f",
                "sha256:3110a99e0f94a4a3470ff67fc20d3f96c25b13d24c6980ff841e82bafe827cac",
                "sha256:3243f48ecd450eddadc2d11b5feb08aca941b5cd98c9b1db14b2fd128be8c697",
                "sha256:370445fd795706fd291ab00c9df38a0caed0f17a6fb46b0f607668ecb16ce763",
                "sha256:40d030e2329ce5286d6b231b8726959ebbe0404c92f0a578c0e2482182e38282",
                "sha256:41d0f1fa4c6830176eef5b276af04c89320ea616655d01327d5ce65e50575c94",
                "sha256:4a4d8d417868d68b979076a9be6a38c676eca060785abaa6709c7b31593c35d1",
                "sha256:4b3a93bb9bc662fc1f99c5c3ea8e623d8b23ad22f861eb6fce9377ac07ad6072",
                "sha256:5bc0667c1eb8f83a3752b71b9c4ba55ef7c7058ae57022dd9b29065186a113d9",
                "sha256:721bc4ba4525f53f6a611ec0967bdcee61b31df5a56801281027a3a6d1c2daf5",
                "sha256:763d65baa3b952479c4e972669f679fe490eee058d5aa85da483ebae2009d231",
                "sha256:7bdb4c06b063f6fd55e472e201317a3bb6cdeeee5d5a38512ea5c01e1acbdd93",
                "sha256:8831a2cedcd0f0927f788c5bdf6567d9dc9cc235646a434986a852af1cb54b4b",
                "sha256:91a789b4aa0097b78c93e3dc4b40040ba55bef518f84a40d4442f713b4094acb",
                "sha256:92460ce908546ab69770b2e576e4f99fbb4ce6ab4b245345a3869a0a0410488f",
                "sha256:99e77daab5d13a48a4054803d052ff40780278240a902b880dd37a51ba01a307",
                "sha256:a234a20ae07e8469da311e182e70ef6b199d0fbeb6c6cc2901204dd87fb867e8",
                "sha256:a7b301ff08055d73223058b5c46c55638917f04d21577c95e00e0c4d79201a6b",
                "sha256:be2a7ad8fd8f7442b24323d24ba0b56c51219513cfa45b9ada3b87b76c374d4b",
                "sha256:bf9a6bc4a0221538b1a7de3ed7bca4c93c02346853f44e1cd764be0023cd3640",
                "sha256:c3ca1fbba4ae962521e5eb66d72998b51f0f4d0f608d3c0347a48e1af262efa7",
                "sha256:d000f258cf42fec2b1bbf2863c61d7b8918d31ffee905da62dede869254d3b8a",
                "sha256:d5859983f26d8cd7bb5c287ef452e8aacc86501487634573d260968f753e1d71",
                "sha256:d5e51e2901ec2366b79f16c2299a03e74ba4531ddcfacc1416639c557aef0ad8",
                "sha256:debc87a9516b237d0466a711b18b6ebeb17ba9f391eb7f91c649c5c4ec5006c7",
                "sha256:df5828871e6648db72d1c19b4bd24819b80a755c4541d3409f0f7acd0f335c80",
                "sha256:ecdf1a604009bd35c674b9225a8fa609e0282d9b896c03dd441a91e5f53b534e",
                "sha256:efa08d63ef03d079dcae1dfe334f6c8847ba8b645d08df286358b1f5293d24ab",
                "sha256:f01da5790e95815eb5a8a138508c01c758e5f5bc0ce4286c4f7028b8dd7ac3d0",
                "sha256:f34019dced51047d6f70cb9383b2ae2853b7fc4dce65129a5acd49f4f9256646"
            ],
            "markers": "python_version < '3.11' and platform_python_implementation == 'CPython'",
            "version": "==0.2.7"
        },
        "six": {
            "hashes": [
                "sha256:1e61c37477a1626458e36f7b1d82aa5c9b094fa4802892072e49de9c60c4c926",
                "sha256:8abb2f1d86890a2dfb989f9a77cfcfd3e47c2a354b01111771326f8aa26e0254"
            ],
            "markers": "python_version >= '2.7' and python_version not in '3.0, 3.1, 3.2, 3.3'",
            "version": "==1.16.0"
        },
        "sniffio": {
            "hashes": [
                "sha256:e60305c5e5d314f5389259b7f22aaa33d8f7dee49763119234af3755c55b9101",
                "sha256:eecefdce1e5bbfb7ad2eeaabf7c1eeb404d7757c379bd1f7e5cce9d8bf425384"
            ],
            "markers": "python_version >= '3.7'",
            "version": "==1.3.0"
        },
        "swiglpk": {
            "hashes": [
                "sha256:04f6cb83058343c4ad78fd405b36eccb07f0e8e4c233bb8dfa6f85e8b397be91",
                "sha256:0a10a28e26d3ef23f6f08ef34309079162260aeb5572ac8f8ee8f1509cc8ec2b",
                "sha256:110edce4f1a4302382953bffe9add0dff987714aaea3279ab85258efe3cf6a2a",
                "sha256:1485295eb227000385b49bd5b81760b5730562479ad0fe648b946dbfa1ff9cfe",
                "sha256:2ac1d07657fe77b86ec91de7fac4e30d4d082c505249fbc9f13a94c63c38b423",
                "sha256:2da701ecc85dfc344dd500afe3c6886dc6b3faf7ec3fbaf5345a529e8edfc587",
                "sha256:3229bb835cd1c6b71add7edee8782f373b51d1b8389e99190471e0606feaf5ae",
                "sha256:3332ff991821372bff82d0c5241a0e65270243d29b0076c47b847d90d4443cb9",
                "sha256:3379cfa3ad0c8443709867cc507ce2936b187285e3b7e97e252b1741144267f7",
                "sha256:33a68f12d97ead6718bc5fcd5c76dd670ef02ab4fdd1ad5c822822311055dc4c",
                "sha256:3b6f94ff554b4a0977707d5b25ef3ad8eb9b9d4659ceb0844b20084f0f809905",
                "sha256:40c0b729b0231b5f953643ebb835d20e3956168c507436a449af00cb399df1b0",
                "sha256:4176f03f51a27bad0af94217c6999b1bfe9297b126bdd815ee1a6a18afe5ff8b",
                "sha256:4cf68f473241488d5504bec9ab1b71df3283a17164070324219ed4c17c184705",
                "sha256:59756d08d3c6e83e1ba0a225c168fd1c0b1f55117dd9d8dcd429ea5ecd0c6513",
                "sha256:5d36763eda34cea6e22667302dcd7161ba5b17fc2520fba28a2ddf7c7fe6eb39",
                "sha256:5e6e4214f07d4879005860b76ed0cc7e6236acc0685342c3e120c8eae113ff57",
                "sha256:69e5e261186080501c9e09152833af14075d5de061f6399f5c34a4f638d7d599",
                "sha256:6a4b807b802e45b0f86ac2860a38d3544f58bfb9df6c3cdebf332f881b44eed2",
                "sha256:6acfa4d3c4e51fc7064451748dadb26bae579a780ebf997212c408c1f4078a9c",
                "sha256:6d4bf6a41834301b4f8f69937fd216cb7fd962b4a9b952f38310b2ca02bb7271",
                "sha256:73eb122066b85fdaaf661b814d23f03c14a131a8ca2c594819de4a8a479d8350",
                "sha256:74aa6abc33ae2235bf2be7512b4eea97a6d7f353a8587bf52f858607beffb66a",
                "sha256:76edf30377e87d8e73fd483e71d3abd9b79b5d005632690798cbcbfe78f4bb3c",
                "sha256:7f8858789b5a57b9837cd1645342f3e54a7011f2323bd7082ae51e6c429a9b1b",
                "sha256:8335d159855d492fdb6b417e801962757d0186043e249da8fe459968d1a91276",
                "sha256:8bf135eab26fa8c8c21013a7bf32061c623f77efd3b2ff0e600edb87b529d2b5",
                "sha256:8f751f4dd9d47da5d206356a9e970ebd66e6f7a80240985909b356fe39c990bb",
                "sha256:9371f68d494ce07088b72a883d15c4c53decfc3fa6294b95154b19232b94324f",
                "sha256:93762c6c3ee3fee1607c3e70d43fb79963475ca7f6908200726fc9d35f76ab91",
                "sha256:93fdf619f802de590f3be5a454fd89b23bb22562e4d775553b4bd8689c3301c6",
                "sha256:95b2e6888704fe5d9c49584cb0373fd02d966dc5dba2ee14589ff4ad4dddcdd0",
                "sha256:96b01db87d82827f1eda4cb251f62382d4f50c45d7f4fa9d56e0a24639fd3d36",
                "sha256:9786898afcc639ea1324f4cb3d62f246618272ce09dfea021ee73381bbb788c1",
                "sha256:9a52b0b51bd1397c22a935d135a17ae3c0c2fcc869820a2c89634281a4293879",
                "sha256:9b933d7ba17c619f5d838b6b3216647bcf8a2e22cd67ea89b0f2e2f50f7be0ae",
                "sha256:ab1c02c3c8e60a0f382ff35bfb4482f9222d74c596fef91c817bf3cede446554",
                "sha256:ca59c82113364c68e37a3a4540446393345ba711d15c9c1b6df52d7a0196b2ec",
                "sha256:cc148b509f24e4cdd58b3d685d05c521ada3cf893696f26363a07280aa39f549",
                "sha256:d57de07605e4f8010f18d833a0c6c558acb6c4b4d17e0e87ff22a71fee6e09ca",
                "sha256:d8fa2528e8d2a35c4fb8dd7ee1a80679c608ece568e9e30c366a5bbfeb852b70",
                "sha256:dcef5b476c95a96398188da794c99df76227fb96612f36c55a462ba41d80a9b8",
                "sha256:e11ac614ffa90332261556708109ceffdc76d7014f54e731d2c17cb622a33892",
                "sha256:e2bce4148a67677e4385598046277b3b108483e18d744598b39097c233b853aa",
                "sha256:e9d4a7ffd4a8ec86b5294518843ad0dacd4d34c36f3432ad0500daacdb004301",
                "sha256:f01dd54e22a4c710d4d8c2a689342df0ccf857838d48a6248e708a0cf8ffd1c1",
                "sha256:f98d49bb844bf302358d47d38a53e63f70370548b63fc826c84be78ecd622b73",
                "sha256:fbeb878a5333adbf85f0469d9a87c4468d4c7de561a5994e8d85acf260c3cf9b"
            ],
            "version": "==5.0.8"
        },
        "sympy": {
            "hashes": [
                "sha256:938f984ee2b1e8eae8a07b884c8b7a1146010040fccddc6539c54f401c8f6fcf",
                "sha256:e32380dce63cb7c0108ed525570092fd45168bdae2faa17e528221ef72e88658"
            ],
            "markers": "python_version >= '3.8'",
            "version": "==1.11.1"
        },
        "typing-extensions": {
            "hashes": [
                "sha256:1511434bb92bf8dd198c12b1cc812e800d4181cfcb867674e0f8279cc93087aa",
                "sha256:16fa4864408f655d35ec496218b85f79b3437c829e93320c7c9215ccfd92489e"
            ],
            "markers": "python_version >= '3.7'",
            "version": "==4.4.0"
        },
        "zipp": {
            "hashes": [
                "sha256:83a28fcb75844b5c0cdaf5aa4003c2d728c77e05f5aeabe8e95e56727005fbaa",
                "sha256:a7a22e05929290a67401440b39690ae6563279bced5f314609d9d03798f56766"
            ],
            "markers": "python_version < '3.10'",
            "version": "==3.11.0"
        }
    },
    "develop": {}
}
